
Microsoft Visual Studio Solution File, Format Version 12.00
# Visual Studio 15
VisualStudioVersion = 15.0.26730.16
MinimumVisualStudioVersion = 10.0.40219.1
Project("{9A19103F-16F7-4668-BE54-9A1E7A4F7556}") = "MultiSellerIo.FrontEnd", "MultiSellerIo.Frontend\MultiSellerIo.FrontEnd.csproj", "{27E66916-9B49-4C1A-92E8-363329EC7D5A}"
EndProject
Project("{9A19103F-16F7-4668-BE54-9A1E7A4F7556}") = "MultiSellerIo.Api", "MultiSellerIo.Api\MultiSellerIo.Api.csproj", "{2AA5DAAA-FC56-4E2E-BE18-13D89067DAF2}"
EndProject
Project("{9A19103F-16F7-4668-BE54-9A1E7A4F7556}") = "MultiSellerIo.Services", "MultiSellerIo.Services\MultiSellerIo.Services.csproj", "{B98A052B-6E2C-46F2-9D1E-30A601EAC6ED}"
EndProject
Project("{9A19103F-16F7-4668-BE54-9A1E7A4F7556}") = "MultiSellerIo.Dal", "MultiSellerIo.Dal\MultiSellerIo.Dal.csproj", "{09D3EEDF-E0D8-4C98-A49E-758866740573}"
EndProject
Project("{9A19103F-16F7-4668-BE54-9A1E7A4F7556}") = "MultiSellerIo.Common", "MultiSellerIo.Common\MultiSellerIo.Common.csproj", "{674B9D97-C810-4613-8D50-50E0ECD2E3D9}"
EndProject
Project("{9A19103F-16F7-4668-BE54-9A1E7A4F7556}") = "MultiSellerIo.Core", "MultiSellerIo.Core\MultiSellerIo.Core.csproj", "{39E85996-F6D6-44E3-A927-22DD4483372B}"
EndProject
Project("{2150E333-8FDC-42A3-9474-1A3956D46DE8}") = "Tests", "Tests", "{3329FCB9-1C6C-410F-9548-189C8F854E0D}"
EndProject
Project("{9A19103F-16F7-4668-BE54-9A1E7A4F7556}") = "MultiSellerIo.Services.Test", "MultiSellerIo.Services.Test\MultiSellerIo.Services.Test.csproj", "{D83446FE-6F51-46DD-9D33-A59690685651}"
EndProject
Project("{2150E333-8FDC-42A3-9474-1A3956D46DE8}") = "Intergrations", "Intergrations", "{4B6B474A-4CCB-408F-B3D0-C27042F2C10C}"
EndProject
Project("{9A19103F-16F7-4668-BE54-9A1E7A4F7556}") = "MultiSellerIo.Intergrations.Azure", "MultiSellerIo.Intergrations.Azure\MultiSellerIo.Intergrations.Azure.csproj", "{4EC47E99-F17B-49D2-8D53-8363259CD821}"
EndProject
Project("{9A19103F-16F7-4668-BE54-9A1E7A4F7556}") = "MultiSellerIo.Admin", "MultiSellerIo.Admin\MultiSellerIo.Admin.csproj", "{09106942-B2FE-4F2D-B158-8A2BE388329F}"
EndProject
Project("{2150E333-8FDC-42A3-9474-1A3956D46DE8}") = "Solution Items", "Solution Items", "{7C602556-53F8-4940-8138-9B053B087526}"
	ProjectSection(SolutionItems) = preProject
		global.json = global.json
	EndProjectSection
EndProject
Global
	GlobalSection(SolutionConfigurationPlatforms) = preSolution
		Debug|Any CPU = Debug|Any CPU
		Release|Any CPU = Release|Any CPU
	EndGlobalSection
	GlobalSection(ProjectConfigurationPlatforms) = postSolution
		{27E66916-9B49-4C1A-92E8-363329EC7D5A}.Debug|Any CPU.ActiveCfg = Debug|Any CPU
		{27E66916-9B49-4C1A-92E8-363329EC7D5A}.Debug|Any CPU.Build.0 = Debug|Any CPU
		{27E66916-9B49-4C1A-92E8-363329EC7D5A}.Release|Any CPU.ActiveCfg = Release|Any CPU
		{27E66916-9B49-4C1A-92E8-363329EC7D5A}.Release|Any CPU.Build.0 = Release|Any CPU
		{2AA5DAAA-FC56-4E2E-BE18-13D89067DAF2}.Debug|Any CPU.ActiveCfg = Debug|Any CPU
		{2AA5DAAA-FC56-4E2E-BE18-13D89067DAF2}.Debug|Any CPU.Build.0 = Debug|Any CPU
		{2AA5DAAA-FC56-4E2E-BE18-13D89067DAF2}.Release|Any CPU.ActiveCfg = Release|Any CPU
		{2AA5DAAA-FC56-4E2E-BE18-13D89067DAF2}.Release|Any CPU.Build.0 = Release|Any CPU
		{B98A052B-6E2C-46F2-9D1E-30A601EAC6ED}.Debug|Any CPU.ActiveCfg = Debug|Any CPU
		{B98A052B-6E2C-46F2-9D1E-30A601EAC6ED}.Debug|Any CPU.Build.0 = Debug|Any CPU
		{B98A052B-6E2C-46F2-9D1E-30A601EAC6ED}.Release|Any CPU.ActiveCfg = Release|Any CPU
		{B98A052B-6E2C-46F2-9D1E-30A601EAC6ED}.Release|Any CPU.Build.0 = Release|Any CPU
		{09D3EEDF-E0D8-4C98-A49E-758866740573}.Debug|Any CPU.ActiveCfg = Debug|Any CPU
		{09D3EEDF-E0D8-4C98-A49E-758866740573}.Debug|Any CPU.Build.0 = Debug|Any CPU
		{09D3EEDF-E0D8-4C98-A49E-758866740573}.Release|Any CPU.ActiveCfg = Release|Any CPU
		{09D3EEDF-E0D8-4C98-A49E-758866740573}.Release|Any CPU.Build.0 = Release|Any CPU
		{674B9D97-C810-4613-8D50-50E0ECD2E3D9}.Debug|Any CPU.ActiveCfg = Debug|Any CPU
		{674B9D97-C810-4613-8D50-50E0ECD2E3D9}.Debug|Any CPU.Build.0 = Debug|Any CPU
		{674B9D97-C810-4613-8D50-50E0ECD2E3D9}.Release|Any CPU.ActiveCfg = Release|Any CPU
		{674B9D97-C810-4613-8D50-50E0ECD2E3D9}.Release|Any CPU.Build.0 = Release|Any CPU
		{39E85996-F6D6-44E3-A927-22DD4483372B}.Debug|Any CPU.ActiveCfg = Debug|Any CPU
		{39E85996-F6D6-44E3-A927-22DD4483372B}.Debug|Any CPU.Build.0 = Debug|Any CPU
		{39E85996-F6D6-44E3-A927-22DD4483372B}.Release|Any CPU.ActiveCfg = Release|Any CPU
		{39E85996-F6D6-44E3-A927-22DD4483372B}.Release|Any CPU.Build.0 = Release|Any CPU
		{D83446FE-6F51-46DD-9D33-A59690685651}.Debug|Any CPU.ActiveCfg = Debug|Any CPU
		{D83446FE-6F51-46DD-9D33-A59690685651}.Debug|Any CPU.Build.0 = Debug|Any CPU
		{D83446FE-6F51-46DD-9D33-A59690685651}.Release|Any CPU.ActiveCfg = Release|Any CPU
		{D83446FE-6F51-46DD-9D33-A59690685651}.Release|Any CPU.Build.0 = Release|Any CPU
		{4EC47E99-F17B-49D2-8D53-8363259CD821}.Debug|Any CPU.ActiveCfg = Debug|Any CPU
		{4EC47E99-F17B-49D2-8D53-8363259CD821}.Debug|Any CPU.Build.0 = Debug|Any CPU
		{4EC47E99-F17B-49D2-8D53-8363259CD821}.Release|Any CPU.ActiveCfg = Release|Any CPU
		{4EC47E99-F17B-49D2-8D53-8363259CD821}.Release|Any CPU.Build.0 = Release|Any CPU
		{09106942-B2FE-4F2D-B158-8A2BE388329F}.Debug|Any CPU.ActiveCfg = Debug|Any CPU
		{09106942-B2FE-4F2D-B158-8A2BE388329F}.Debug|Any CPU.Build.0 = Debug|Any CPU
		{09106942-B2FE-4F2D-B158-8A2BE388329F}.Release|Any CPU.ActiveCfg = Release|Any CPU
		{09106942-B2FE-4F2D-B158-8A2BE388329F}.Release|Any CPU.Build.0 = Release|Any CPU
	EndGlobalSection
	GlobalSection(SolutionProperties) = preSolution
		HideSolutionNode = FALSE
	EndGlobalSection
	GlobalSection(NestedProjects) = preSolution
		{D83446FE-6F51-46DD-9D33-A59690685651} = {3329FCB9-1C6C-410F-9548-189C8F854E0D}
		{4EC47E99-F17B-49D2-8D53-8363259CD821} = {4B6B474A-4CCB-408F-B3D0-C27042F2C10C}
	EndGlobalSection
	GlobalSection(ExtensibilityGlobals) = postSolution
		SolutionGuid = {85FACCF5-E1A0-4526-8FD1-B43F4B58BF83}
	EndGlobalSection
EndGlobal
